
Microsoft Visual Studio Solution File, Format Version 12.00
# Visual Studio 14
VisualStudioVersion = 14.0.25420.1
MinimumVisualStudioVersion = 10.0.40219.1
Project("{FAE04EC0-301F-11D3-BF4B-00C04F79EFBC}") = "ConsoleClient", "ConsoleClient\ConsoleClient.csproj", "{AE6EAF3C-C124-434D-87E3-A27B79561E33}"
EndProject
Project("{FAE04EC0-301F-11D3-BF4B-00C04F79EFBC}") = "TestingContext", "..\TestingContext\TestingContext.csproj", "{AE219635-B8BC-4EF8-A24B-BB59E6C0D496}"
EndProject
Global
	GlobalSection(SolutionConfigurationPlatforms) = preSolution
		Debug|Any CPU = Debug|Any CPU
		Release|Any CPU = Release|Any CPU
	EndGlobalSection
	GlobalSection(ProjectConfigurationPlatforms) = postSolution
		{AE6EAF3C-C124-434D-87E3-A27B79561E33}.Debug|Any CPU.ActiveCfg = Debug|Any CPU
		{AE6EAF3C-C124-434D-87E3-A27B79561E33}.Debug|Any CPU.Build.0 = Debug|Any CPU
		{AE6EAF3C-C124-434D-87E3-A27B79561E33}.Release|Any CPU.ActiveCfg = Release|Any CPU
		{AE6EAF3C-C124-434D-87E3-A27B79561E33}.Release|Any CPU.Build.0 = Release|Any CPU
		{AE219635-B8BC-4EF8-A24B-BB59E6C0D496}.Debug|Any CPU.ActiveCfg = Debug|Any CPU
		{AE219635-B8BC-4EF8-A24B-BB59E6C0D496}.Debug|Any CPU.Build.0 = Debug|Any CPU
		{AE219635-B8BC-4EF8-A24B-BB59E6C0D496}.Release|Any CPU.ActiveCfg = Release|Any CPU
		{AE219635-B8BC-4EF8-A24B-BB59E6C0D496}.Release|Any CPU.Build.0 = Release|Any CPU
	EndGlobalSection
	GlobalSection(SolutionProperties) = preSolution
		HideSolutionNode = FALSE
	EndGlobalSection
EndGlobal
